<?xml version="1.0" encoding="utf-8"?>
<Project ToolsVersion="4.0" xmlns="http://schemas.microsoft.com/developer/msbuild/2003">
  <ItemGroup>
    <ClCompile Include="UType.cpp">
      <Filter>Source Files</Filter>
    </ClCompile>
    <ClCompile Include="BWScriptEmulator.cpp">
      <Filter>Source Files</Filter>
    </ClCompile>
    <ClCompile Include="Controller.cpp">
      <Filter>Source Files</Filter>
    </ClCompile>
    <ClCompile Include="Dll.cpp">
      <Filter>Source Files</Filter>
    </ClCompile>
    <ClCompile Include="ScriptEnum.cpp">
      <Filter>Source Files</Filter>
    </ClCompile>
    <ClCompile Include="ScriptThread.cpp">
      <Filter>Source Files</Filter>
    </ClCompile>
    <ClCompile Include="ScriptOpcodes.cpp">
      <Filter>Source Files</Filter>
    </ClCompile>
    <ClCompile Include="AIControl.cpp">
      <Filter>UnitControl\Source FIles</Filter>
    </ClCompile>
    <ClCompile Include="Worker.cpp">
      <Filter>UnitControl\Source FIles</Filter>
    </ClCompile>
    <ClCompile Include="Military.cpp">
      <Filter>UnitControl\Source FIles</Filter>
    </ClCompile>
  </ItemGroup>
  <ItemGroup>
    <ClInclude Include="BWScriptEmulator.h">
      <Filter>Header Files</Filter>
    </ClInclude>
    <ClInclude Include="Controller.h">
      <Filter>Header Files</Filter>
    </ClInclude>
    <ClInclude Include="OrderID.h">
      <Filter>Header Files</Filter>
    </ClInclude>
    <ClInclude Include="ScriptEnum.h">
      <Filter>Header Files</Filter>
    </ClInclude>
    <ClInclude Include="ScriptThread.h">
      <Filter>Header Files</Filter>
    </ClInclude>
    <ClInclude Include="UnitID.h">
      <Filter>Header Files</Filter>
    </ClInclude>
    <ClInclude Include="UType.h">
      <Filter>Header Files</Filter>
    </ClInclude>
    <ClInclude Include="AIControl.h">
      <Filter>UnitControl\Header Files</Filter>
    </ClInclude>
    <ClInclude Include="Worker.h">
      <Filter>UnitControl\Header Files</Filter>
    </ClInclude>
    <ClInclude Include="Military.h">
      <Filter>UnitControl\Header Files</Filter>
    </ClInclude>
  </ItemGroup>
  <ItemGroup>
    <Filter Include="Header Files">
      <UniqueIdentifier>{3c61d476-5e51-434e-b997-49cad98b4d90}</UniqueIdentifier>
    </Filter>
    <Filter Include="Source Files">
      <UniqueIdentifier>{72a39b06-4f80-48b4-8e4b-50ce1cdbe1ad}</UniqueIdentifier>
    </Filter>
    <Filter Include="UnitControl">
      <UniqueIdentifier>{a234c8a6-eb90-4c6b-9a05-34f15ec8f799}</UniqueIdentifier>
    </Filter>
    <Filter Include="UnitControl\Header Files">
      <UniqueIdentifier>{ebca4cbe-bbb1-400b-8aff-0bcafdc64fcc}</UniqueIdentifier>
    </Filter>
    <Filter Include="UnitControl\Source FIles">
      <UniqueIdentifier>{0e09fa17-96d1-4c4c-a7a4-f702ad32ca90}</UniqueIdentifier>
    </Filter>
  </ItemGroup>
</Project>